
Microsoft Visual Studio Solution File, Format Version 12.00
# Visual Studio Version 17
VisualStudioVersion = 17.3.32804.467
MinimumVisualStudioVersion = 10.0.40219.1
Project("{9A19103F-16F7-4668-BE54-9A1E7A4F7556}") = "Green", "Green.csproj", "{7DFD579D-24C1-4A98-993B-19CC3A5FDC19}"
EndProject
Global
	GlobalSection(SolutionConfigurationPlatforms) = preSolution
		Debug|Any CPU = Debug|Any CPU
		Release|Any CPU = Release|Any CPU
	EndGlobalSection
	GlobalSection(ProjectConfigurationPlatforms) = postSolution
		{7DFD579D-24C1-4A98-993B-19CC3A5FDC19}.Debug|Any CPU.ActiveCfg = Debug|Any CPU
		{7DFD579D-24C1-4A98-993B-19CC3A5FDC19}.Debug|Any CPU.Build.0 = Debug|Any CPU
		{7DFD579D-24C1-4A98-993B-19CC3A5FDC19}.Release|Any CPU.ActiveCfg = Release|Any CPU
		{7DFD579D-24C1-4A98-993B-19CC3A5FDC19}.Release|Any CPU.Build.0 = Release|Any CPU
	EndGlobalSection
	GlobalSection(SolutionProperties) = preSolution
		HideSolutionNode = FALSE
	EndGlobalSection
	GlobalSection(ExtensibilityGlobals) = postSolution
		SolutionGuid = {A125E88F-ED90-44CF-AE75-9058DCA396C9}
	EndGlobalSection
EndGlobal
