
Microsoft Visual Studio Solution File, Format Version 12.00
# Visual Studio Version 17
VisualStudioVersion = 17.3.32825.248
MinimumVisualStudioVersion = 10.0.40219.1
Project("{FAE04EC0-301F-11D3-BF4B-00C04F79EFBC}") = "Task2", "Task2\Task2.csproj", "{EEF35873-5D1A-4CFB-83FA-766B3575F1C0}"
EndProject
Global
	GlobalSection(SolutionConfigurationPlatforms) = preSolution
		Debug|Any CPU = Debug|Any CPU
		Release|Any CPU = Release|Any CPU
	EndGlobalSection
	GlobalSection(ProjectConfigurationPlatforms) = postSolution
		{EEF35873-5D1A-4CFB-83FA-766B3575F1C0}.Debug|Any CPU.ActiveCfg = Debug|Any CPU
		{EEF35873-5D1A-4CFB-83FA-766B3575F1C0}.Debug|Any CPU.Build.0 = Debug|Any CPU
		{EEF35873-5D1A-4CFB-83FA-766B3575F1C0}.Release|Any CPU.ActiveCfg = Release|Any CPU
		{EEF35873-5D1A-4CFB-83FA-766B3575F1C0}.Release|Any CPU.Build.0 = Release|Any CPU
	EndGlobalSection
	GlobalSection(SolutionProperties) = preSolution
		HideSolutionNode = FALSE
	EndGlobalSection
	GlobalSection(ExtensibilityGlobals) = postSolution
		SolutionGuid = {1B34711C-2845-452B-A6A5-98A831D1AABE}
	EndGlobalSection
EndGlobal
